// !$*UTF8*$!
{
	archiveVersion = 1;
	classes = {
	};
	objectVersion = 56;
	objects = {

/* Begin PBXBuildFile section */
		660FFE122988F65500D72AAE /* MenuView.swift in Sources */ = {isa = PBXBuildFile; fileRef = 660FFE112988F65400D72AAE /* MenuView.swift */; };
		660FFE1D298AA07800D72AAE /* Photos.swift in Sources */ = {isa = PBXBuildFile; fileRef = 660FFE1C298AA07800D72AAE /* Photos.swift */; };
		660FFE1F298AC20F00D72AAE /* ImageAndLangView.swift in Sources */ = {isa = PBXBuildFile; fileRef = 660FFE1E298AC20F00D72AAE /* ImageAndLangView.swift */; };
		660FFE21298AEFE200D72AAE /* Saved.swift in Sources */ = {isa = PBXBuildFile; fileRef = 660FFE20298AEFE200D72AAE /* Saved.swift */; };
		666282CB2999471E008DA1B2 /* ImageSaver.swift in Sources */ = {isa = PBXBuildFile; fileRef = 666282CA2999471E008DA1B2 /* ImageSaver.swift */; };
		666282CD299983DF008DA1B2 /* TabBar.swift in Sources */ = {isa = PBXBuildFile; fileRef = 666282CC299983DF008DA1B2 /* TabBar.swift */; };
		6670568A298829C6005B753A /* ImagePicker.swift in Sources */ = {isa = PBXBuildFile; fileRef = 66705689298829C6005B753A /* ImagePicker.swift */; };
		66BB69FF29870DBA007B6249 /* MangaTranslatorApp.swift in Sources */ = {isa = PBXBuildFile; fileRef = 66BB69FE29870DBA007B6249 /* MangaTranslatorApp.swift */; };
		66BB6A0129870DBA007B6249 /* ContentView.swift in Sources */ = {isa = PBXBuildFile; fileRef = 66BB6A0029870DBA007B6249 /* ContentView.swift */; };
		66BB6A0329870DBC007B6249 /* Assets.xcassets in Resources */ = {isa = PBXBuildFile; fileRef = 66BB6A0229870DBC007B6249 /* Assets.xcassets */; };
		66BB6A0629870DBC007B6249 /* Preview Assets.xcassets in Resources */ = {isa = PBXBuildFile; fileRef = 66BB6A0529870DBC007B6249 /* Preview Assets.xcassets */; };
		66BB6A2929870E68007B6249 /* GoogleService-Info.plist in Resources */ = {isa = PBXBuildFile; fileRef = 66BB6A2829870E67007B6249 /* GoogleService-Info.plist */; };
		66BB6A2C29870F81007B6249 /* FirebaseAnalytics in Frameworks */ = {isa = PBXBuildFile; productRef = 66BB6A2B29870F81007B6249 /* FirebaseAnalytics */; };
		66BB6A2E29870F81007B6249 /* FirebaseAnalyticsOnDeviceConversion in Frameworks */ = {isa = PBXBuildFile; productRef = 66BB6A2D29870F81007B6249 /* FirebaseAnalyticsOnDeviceConversion */; };
		66BB6A3029870F81007B6249 /* FirebaseAnalyticsSwift in Frameworks */ = {isa = PBXBuildFile; productRef = 66BB6A2F29870F81007B6249 /* FirebaseAnalyticsSwift */; };
		66BB6A3229870F81007B6249 /* FirebaseAnalyticsWithoutAdIdSupport in Frameworks */ = {isa = PBXBuildFile; productRef = 66BB6A3129870F81007B6249 /* FirebaseAnalyticsWithoutAdIdSupport */; };
		66BB6A3429870F81007B6249 /* FirebaseAppCheck in Frameworks */ = {isa = PBXBuildFile; productRef = 66BB6A3329870F81007B6249 /* FirebaseAppCheck */; };
		66BB6A3629870F81007B6249 /* FirebaseAppDistribution-Beta in Frameworks */ = {isa = PBXBuildFile; productRef = 66BB6A3529870F81007B6249 /* FirebaseAppDistribution-Beta */; };
		66BB6A3829870F81007B6249 /* FirebaseAuth in Frameworks */ = {isa = PBXBuildFile; productRef = 66BB6A3729870F81007B6249 /* FirebaseAuth */; };
		66BB6A3A29870F81007B6249 /* FirebaseAuthCombine-Community in Frameworks */ = {isa = PBXBuildFile; productRef = 66BB6A3929870F81007B6249 /* FirebaseAuthCombine-Community */; };
		66BB6A3C29870F81007B6249 /* FirebaseCrashlytics in Frameworks */ = {isa = PBXBuildFile; productRef = 66BB6A3B29870F81007B6249 /* FirebaseCrashlytics */; };
		66BB6A3E29870F81007B6249 /* FirebaseDatabase in Frameworks */ = {isa = PBXBuildFile; productRef = 66BB6A3D29870F81007B6249 /* FirebaseDatabase */; };
		66BB6A4029870F81007B6249 /* FirebaseFirestore in Frameworks */ = {isa = PBXBuildFile; productRef = 66BB6A3F29870F81007B6249 /* FirebaseFirestore */; };
		66BB6A4229870F81007B6249 /* FirebaseFirestoreCombine-Community in Frameworks */ = {isa = PBXBuildFile; productRef = 66BB6A4129870F81007B6249 /* FirebaseFirestoreCombine-Community */; };
		66BB6A4429870F81007B6249 /* FirebaseFirestoreSwift in Frameworks */ = {isa = PBXBuildFile; productRef = 66BB6A4329870F81007B6249 /* FirebaseFirestoreSwift */; };
		66BB6A4629870F81007B6249 /* FirebaseFunctions in Frameworks */ = {isa = PBXBuildFile; productRef = 66BB6A4529870F81007B6249 /* FirebaseFunctions */; };
		66BB6A4829870F81007B6249 /* FirebaseFunctionsCombine-Community in Frameworks */ = {isa = PBXBuildFile; productRef = 66BB6A4729870F81007B6249 /* FirebaseFunctionsCombine-Community */; };
		66BB6A4A29870F81007B6249 /* FirebaseRemoteConfig in Frameworks */ = {isa = PBXBuildFile; productRef = 66BB6A4929870F81007B6249 /* FirebaseRemoteConfig */; };
		66BB6A4C29870F81007B6249 /* FirebaseRemoteConfigSwift in Frameworks */ = {isa = PBXBuildFile; productRef = 66BB6A4B29870F81007B6249 /* FirebaseRemoteConfigSwift */; };
		66BB6A4E29870F81007B6249 /* FirebaseStorage in Frameworks */ = {isa = PBXBuildFile; productRef = 66BB6A4D29870F81007B6249 /* FirebaseStorage */; };
		66BB6A5029870F81007B6249 /* FirebaseStorageCombine-Community in Frameworks */ = {isa = PBXBuildFile; productRef = 66BB6A4F29870F81007B6249 /* FirebaseStorageCombine-Community */; };
		66BB6A5229870FD4007B6249 /* SplashScreen.swift in Sources */ = {isa = PBXBuildFile; fileRef = 66BB6A5129870FD4007B6249 /* SplashScreen.swift */; };
		66BB6A5429871084007B6249 /* LoginView.swift in Sources */ = {isa = PBXBuildFile; fileRef = 66BB6A5329871084007B6249 /* LoginView.swift */; };
		66BB6A5629871112007B6249 /* IFonts.swift in Sources */ = {isa = PBXBuildFile; fileRef = 66BB6A5529871112007B6249 /* IFonts.swift */; };
		66BB6A5829871147007B6249 /* Fonts in Resources */ = {isa = PBXBuildFile; fileRef = 66BB6A5729871146007B6249 /* Fonts */; };
		66BB6A5B29874BEF007B6249 /* HomeView.swift in Sources */ = {isa = PBXBuildFile; fileRef = 66BB6A5A29874BEF007B6249 /* HomeView.swift */; };
		66ECF65D2990538800005C1A /* downloadView.swift in Sources */ = {isa = PBXBuildFile; fileRef = 66ECF65C2990538800005C1A /* downloadView.swift */; };
/* End PBXBuildFile section */

/* Begin PBXContainerItemProxy section */
		66BB6A0C29870DBC007B6249 /* PBXContainerItemProxy */ = {
			isa = PBXContainerItemProxy;
			containerPortal = 66BB69F329870DBA007B6249 /* Project object */;
			proxyType = 1;
			remoteGlobalIDString = 66BB69FA29870DBA007B6249;
			remoteInfo = MangaTranslator;
		};
		66BB6A1629870DBC007B6249 /* PBXContainerItemProxy */ = {
			isa = PBXContainerItemProxy;
			containerPortal = 66BB69F329870DBA007B6249 /* Project object */;
			proxyType = 1;
			remoteGlobalIDString = 66BB69FA29870DBA007B6249;
			remoteInfo = MangaTranslator;
		};
/* End PBXContainerItemProxy section */

/* Begin PBXFileReference section */
		660FFE112988F65400D72AAE /* MenuView.swift */ = {isa = PBXFileReference; lastKnownFileType = sourcecode.swift; path = MenuView.swift; sourceTree = "<group>"; };
		660FFE1C298AA07800D72AAE /* Photos.swift */ = {isa = PBXFileReference; lastKnownFileType = sourcecode.swift; path = Photos.swift; sourceTree = "<group>"; };
		660FFE1E298AC20F00D72AAE /* ImageAndLangView.swift */ = {isa = PBXFileReference; lastKnownFileType = sourcecode.swift; path = ImageAndLangView.swift; sourceTree = "<group>"; };
		660FFE20298AEFE200D72AAE /* Saved.swift */ = {isa = PBXFileReference; lastKnownFileType = sourcecode.swift; path = Saved.swift; sourceTree = "<group>"; };
		666282CA2999471E008DA1B2 /* ImageSaver.swift */ = {isa = PBXFileReference; lastKnownFileType = sourcecode.swift; path = ImageSaver.swift; sourceTree = "<group>"; };
		666282CC299983DF008DA1B2 /* TabBar.swift */ = {isa = PBXFileReference; lastKnownFileType = sourcecode.swift; path = TabBar.swift; sourceTree = "<group>"; };
		66705689298829C6005B753A /* ImagePicker.swift */ = {isa = PBXFileReference; lastKnownFileType = sourcecode.swift; path = ImagePicker.swift; sourceTree = "<group>"; };
		66BB69FB29870DBA007B6249 /* MangaTranslator.app */ = {isa = PBXFileReference; explicitFileType = wrapper.application; includeInIndex = 0; path = MangaTranslator.app; sourceTree = BUILT_PRODUCTS_DIR; };
		66BB69FE29870DBA007B6249 /* MangaTranslatorApp.swift */ = {isa = PBXFileReference; lastKnownFileType = sourcecode.swift; path = MangaTranslatorApp.swift; sourceTree = "<group>"; };
		66BB6A0029870DBA007B6249 /* ContentView.swift */ = {isa = PBXFileReference; lastKnownFileType = sourcecode.swift; path = ContentView.swift; sourceTree = "<group>"; };
		66BB6A0229870DBC007B6249 /* Assets.xcassets */ = {isa = PBXFileReference; lastKnownFileType = folder.assetcatalog; path = Assets.xcassets; sourceTree = "<group>"; };
		66BB6A0529870DBC007B6249 /* Preview Assets.xcassets */ = {isa = PBXFileReference; lastKnownFileType = folder.assetcatalog; path = "Preview Assets.xcassets"; sourceTree = "<group>"; };
		66BB6A0B29870DBC007B6249 /* MangaTranslatorTests.xctest */ = {isa = PBXFileReference; explicitFileType = wrapper.cfbundle; includeInIndex = 0; path = MangaTranslatorTests.xctest; sourceTree = BUILT_PRODUCTS_DIR; };
		66BB6A1529870DBC007B6249 /* MangaTranslatorUITests.xctest */ = {isa = PBXFileReference; explicitFileType = wrapper.cfbundle; includeInIndex = 0; path = MangaTranslatorUITests.xctest; sourceTree = BUILT_PRODUCTS_DIR; };
		66BB6A2829870E67007B6249 /* GoogleService-Info.plist */ = {isa = PBXFileReference; fileEncoding = 4; lastKnownFileType = text.plist.xml; path = "GoogleService-Info.plist"; sourceTree = "<group>"; };
		66BB6A5129870FD4007B6249 /* SplashScreen.swift */ = {isa = PBXFileReference; lastKnownFileType = sourcecode.swift; path = SplashScreen.swift; sourceTree = "<group>"; };
		66BB6A5329871084007B6249 /* LoginView.swift */ = {isa = PBXFileReference; lastKnownFileType = sourcecode.swift; path = LoginView.swift; sourceTree = "<group>"; };
		66BB6A5529871112007B6249 /* IFonts.swift */ = {isa = PBXFileReference; lastKnownFileType = sourcecode.swift; path = IFonts.swift; sourceTree = "<group>"; };
		66BB6A5729871146007B6249 /* Fonts */ = {isa = PBXFileReference; lastKnownFileType = folder; path = Fonts; sourceTree = "<group>"; };
		66BB6A59298713B3007B6249 /* Info.plist */ = {isa = PBXFileReference; lastKnownFileType = text.plist; path = Info.plist; sourceTree = "<group>"; };
		66BB6A5A29874BEF007B6249 /* HomeView.swift */ = {isa = PBXFileReference; lastKnownFileType = sourcecode.swift; path = HomeView.swift; sourceTree = "<group>"; };
		66ECF65C2990538800005C1A /* downloadView.swift */ = {isa = PBXFileReference; lastKnownFileType = sourcecode.swift; path = downloadView.swift; sourceTree = "<group>"; };
/* End PBXFileReference section */

/* Begin PBXFrameworksBuildPhase section */
		66BB69F829870DBA007B6249 /* Frameworks */ = {
			isa = PBXFrameworksBuildPhase;
			buildActionMask = 2147483647;
			files = (
				66BB6A3E29870F81007B6249 /* FirebaseDatabase in Frameworks */,
				66BB6A4629870F81007B6249 /* FirebaseFunctions in Frameworks */,
				66BB6A3029870F81007B6249 /* FirebaseAnalyticsSwift in Frameworks */,
				66BB6A2C29870F81007B6249 /* FirebaseAnalytics in Frameworks */,
				66BB6A2E29870F81007B6249 /* FirebaseAnalyticsOnDeviceConversion in Frameworks */,
				66BB6A3429870F81007B6249 /* FirebaseAppCheck in Frameworks */,
				66BB6A5029870F81007B6249 /* FirebaseStorageCombine-Community in Frameworks */,
				66BB6A3229870F81007B6249 /* FirebaseAnalyticsWithoutAdIdSupport in Frameworks */,
				66BB6A4A29870F81007B6249 /* FirebaseRemoteConfig in Frameworks */,
				66BB6A3829870F81007B6249 /* FirebaseAuth in Frameworks */,
				66BB6A4C29870F81007B6249 /* FirebaseRemoteConfigSwift in Frameworks */,
				66BB6A4829870F81007B6249 /* FirebaseFunctionsCombine-Community in Frameworks */,
				66BB6A4E29870F81007B6249 /* FirebaseStorage in Frameworks */,
				66BB6A4429870F81007B6249 /* FirebaseFirestoreSwift in Frameworks */,
				66BB6A3C29870F81007B6249 /* FirebaseCrashlytics in Frameworks */,
				66BB6A3629870F81007B6249 /* FirebaseAppDistribution-Beta in Frameworks */,
				66BB6A4229870F81007B6249 /* FirebaseFirestoreCombine-Community in Frameworks */,
				66BB6A4029870F81007B6249 /* FirebaseFirestore in Frameworks */,
				66BB6A3A29870F81007B6249 /* FirebaseAuthCombine-Community in Frameworks */,
			);
			runOnlyForDeploymentPostprocessing = 0;
		};
		66BB6A0829870DBC007B6249 /* Frameworks */ = {
			isa = PBXFrameworksBuildPhase;
			buildActionMask = 2147483647;
			files = (
			);
			runOnlyForDeploymentPostprocessing = 0;
		};
		66BB6A1229870DBC007B6249 /* Frameworks */ = {
			isa = PBXFrameworksBuildPhase;
			buildActionMask = 2147483647;
			files = (
			);
			runOnlyForDeploymentPostprocessing = 0;
		};
/* End PBXFrameworksBuildPhase section */

/* Begin PBXGroup section */
		66BB69F229870DBA007B6249 = {
			isa = PBXGroup;
			children = (
				660FFE1E298AC20F00D72AAE /* ImageAndLangView.swift */,
				66ECF65C2990538800005C1A /* downloadView.swift */,
				66BB6A5F29879A6B007B6249 /* Images */,
				66BB6A5C29878257007B6249 /* Models */,
				66BB69FD29870DBA007B6249 /* MangaTranslator */,
				66BB69FC29870DBA007B6249 /* Products */,
			);
			sourceTree = "<group>";
		};
		66BB69FC29870DBA007B6249 /* Products */ = {
			isa = PBXGroup;
			children = (
				66BB69FB29870DBA007B6249 /* MangaTranslator.app */,
				66BB6A0B29870DBC007B6249 /* MangaTranslatorTests.xctest */,
				66BB6A1529870DBC007B6249 /* MangaTranslatorUITests.xctest */,
			);
			name = Products;
			sourceTree = "<group>";
		};
		66BB69FD29870DBA007B6249 /* MangaTranslator */ = {
			isa = PBXGroup;
			children = (
				66BB6A59298713B3007B6249 /* Info.plist */,
				66BB6A2829870E67007B6249 /* GoogleService-Info.plist */,
				66BB69FE29870DBA007B6249 /* MangaTranslatorApp.swift */,
				66BB6A0029870DBA007B6249 /* ContentView.swift */,
				66BB6A0229870DBC007B6249 /* Assets.xcassets */,
				66BB6A0429870DBC007B6249 /* Preview Content */,
				66BB6A5129870FD4007B6249 /* SplashScreen.swift */,
				66BB6A5329871084007B6249 /* LoginView.swift */,
				66BB6A5A29874BEF007B6249 /* HomeView.swift */,
				66BB6A5529871112007B6249 /* IFonts.swift */,
				66BB6A5729871146007B6249 /* Fonts */,
				660FFE112988F65400D72AAE /* MenuView.swift */,
				666282CC299983DF008DA1B2 /* TabBar.swift */,
			);
			path = MangaTranslator;
			sourceTree = "<group>";
		};
		66BB6A0429870DBC007B6249 /* Preview Content */ = {
			isa = PBXGroup;
			children = (
				66BB6A0529870DBC007B6249 /* Preview Assets.xcassets */,
			);
			path = "Preview Content";
			sourceTree = "<group>";
		};
		66BB6A5C29878257007B6249 /* Models */ = {
			isa = PBXGroup;
			children = (
				660FFE20298AEFE200D72AAE /* Saved.swift */,
			);
			path = Models;
			sourceTree = "<group>";
		};
		66BB6A5F29879A6B007B6249 /* Images */ = {
			isa = PBXGroup;
			children = (
				66705689298829C6005B753A /* ImagePicker.swift */,
				660FFE1C298AA07800D72AAE /* Photos.swift */,
				666282CA2999471E008DA1B2 /* ImageSaver.swift */,
			);
			path = Images;
			sourceTree = "<group>";
		};
/* End PBXGroup section */

/* Begin PBXNativeTarget section */
		66BB69FA29870DBA007B6249 /* MangaTranslator */ = {
			isa = PBXNativeTarget;
			buildConfigurationList = 66BB6A1F29870DBC007B6249 /* Build configuration list for PBXNativeTarget "MangaTranslator" */;
			buildPhases = (
				66BB69F729870DBA007B6249 /* Sources */,
				66BB69F829870DBA007B6249 /* Frameworks */,
				66BB69F929870DBA007B6249 /* Resources */,
			);
			buildRules = (
			);
			dependencies = (
			);
			name = MangaTranslator;
			packageProductDependencies = (
				66BB6A2B29870F81007B6249 /* FirebaseAnalytics */,
				66BB6A2D29870F81007B6249 /* FirebaseAnalyticsOnDeviceConversion */,
				66BB6A2F29870F81007B6249 /* FirebaseAnalyticsSwift */,
				66BB6A3129870F81007B6249 /* FirebaseAnalyticsWithoutAdIdSupport */,
				66BB6A3329870F81007B6249 /* FirebaseAppCheck */,
				66BB6A3529870F81007B6249 /* FirebaseAppDistribution-Beta */,
				66BB6A3729870F81007B6249 /* FirebaseAuth */,
				66BB6A3929870F81007B6249 /* FirebaseAuthCombine-Community */,
				66BB6A3B29870F81007B6249 /* FirebaseCrashlytics */,
				66BB6A3D29870F81007B6249 /* FirebaseDatabase */,
				66BB6A3F29870F81007B6249 /* FirebaseFirestore */,
				66BB6A4129870F81007B6249 /* FirebaseFirestoreCombine-Community */,
				66BB6A4329870F81007B6249 /* FirebaseFirestoreSwift */,
				66BB6A4529870F81007B6249 /* FirebaseFunctions */,
				66BB6A4729870F81007B6249 /* FirebaseFunctionsCombine-Community */,
				66BB6A4929870F81007B6249 /* FirebaseRemoteConfig */,
				66BB6A4B29870F81007B6249 /* FirebaseRemoteConfigSwift */,
				66BB6A4D29870F81007B6249 /* FirebaseStorage */,
				66BB6A4F29870F81007B6249 /* FirebaseStorageCombine-Community */,
			);
			productName = MangaTranslator;
			productReference = 66BB69FB29870DBA007B6249 /* MangaTranslator.app */;
			productType = "com.apple.product-type.application";
		};
		66BB6A0A29870DBC007B6249 /* MangaTranslatorTests */ = {
			isa = PBXNativeTarget;
			buildConfigurationList = 66BB6A2229870DBC007B6249 /* Build configuration list for PBXNativeTarget "MangaTranslatorTests" */;
			buildPhases = (
				66BB6A0729870DBC007B6249 /* Sources */,
				66BB6A0829870DBC007B6249 /* Frameworks */,
				66BB6A0929870DBC007B6249 /* Resources */,
			);
			buildRules = (
			);
			dependencies = (
				66BB6A0D29870DBC007B6249 /* PBXTargetDependency */,
			);
			name = MangaTranslatorTests;
			productName = MangaTranslatorTests;
			productReference = 66BB6A0B29870DBC007B6249 /* MangaTranslatorTests.xctest */;
			productType = "com.apple.product-type.bundle.unit-test";
		};
		66BB6A1429870DBC007B6249 /* MangaTranslatorUITests */ = {
			isa = PBXNativeTarget;
			buildConfigurationList = 66BB6A2529870DBC007B6249 /* Build configuration list for PBXNativeTarget "MangaTranslatorUITests" */;
			buildPhases = (
				66BB6A1129870DBC007B6249 /* Sources */,
				66BB6A1229870DBC007B6249 /* Frameworks */,
				66BB6A1329870DBC007B6249 /* Resources */,
			);
			buildRules = (
			);
			dependencies = (
				66BB6A1729870DBC007B6249 /* PBXTargetDependency */,
			);
			name = MangaTranslatorUITests;
			productName = MangaTranslatorUITests;
			productReference = 66BB6A1529870DBC007B6249 /* MangaTranslatorUITests.xctest */;
			productType = "com.apple.product-type.bundle.ui-testing";
		};
/* End PBXNativeTarget section */

/* Begin PBXProject section */
		66BB69F329870DBA007B6249 /* Project object */ = {
			isa = PBXProject;
			attributes = {
				BuildIndependentTargetsInParallel = 1;
				LastSwiftUpdateCheck = 1420;
				LastUpgradeCheck = 1420;
				TargetAttributes = {
					66BB69FA29870DBA007B6249 = {
						CreatedOnToolsVersion = 14.2;
					};
					66BB6A0A29870DBC007B6249 = {
						CreatedOnToolsVersion = 14.2;
						TestTargetID = 66BB69FA29870DBA007B6249;
					};
					66BB6A1429870DBC007B6249 = {
						CreatedOnToolsVersion = 14.2;
						TestTargetID = 66BB69FA29870DBA007B6249;
					};
				};
			};
			buildConfigurationList = 66BB69F629870DBA007B6249 /* Build configuration list for PBXProject "MangaTranslator" */;
			compatibilityVersion = "Xcode 14.0";
			developmentRegion = en;
			hasScannedForEncodings = 0;
			knownRegions = (
				en,
				Base,
			);
			mainGroup = 66BB69F229870DBA007B6249;
			packageReferences = (
				66BB6A2A29870F81007B6249 /* XCRemoteSwiftPackageReference "firebase-ios-sdk" */,
			);
			productRefGroup = 66BB69FC29870DBA007B6249 /* Products */;
			projectDirPath = "";
			projectRoot = "";
			targets = (
				66BB69FA29870DBA007B6249 /* MangaTranslator */,
				66BB6A0A29870DBC007B6249 /* MangaTranslatorTests */,
				66BB6A1429870DBC007B6249 /* MangaTranslatorUITests */,
			);
		};
/* End PBXProject section */

/* Begin PBXResourcesBuildPhase section */
		66BB69F929870DBA007B6249 /* Resources */ = {
			isa = PBXResourcesBuildPhase;
			buildActionMask = 2147483647;
			files = (
				66BB6A0629870DBC007B6249 /* Preview Assets.xcassets in Resources */,
				66BB6A0329870DBC007B6249 /* Assets.xcassets in Resources */,
				66BB6A2929870E68007B6249 /* GoogleService-Info.plist in Resources */,
				66BB6A5829871147007B6249 /* Fonts in Resources */,
			);
			runOnlyForDeploymentPostprocessing = 0;
		};
		66BB6A0929870DBC007B6249 /* Resources */ = {
			isa = PBXResourcesBuildPhase;
			buildActionMask = 2147483647;
			files = (
			);
			runOnlyForDeploymentPostprocessing = 0;
		};
		66BB6A1329870DBC007B6249 /* Resources */ = {
			isa = PBXResourcesBuildPhase;
			buildActionMask = 2147483647;
			files = (
			);
			runOnlyForDeploymentPostprocessing = 0;
		};
/* End PBXResourcesBuildPhase section */

/* Begin PBXSourcesBuildPhase section */
		66BB69F729870DBA007B6249 /* Sources */ = {
			isa = PBXSourcesBuildPhase;
			buildActionMask = 2147483647;
			files = (
				660FFE1F298AC20F00D72AAE /* ImageAndLangView.swift in Sources */,
				66BB6A5229870FD4007B6249 /* SplashScreen.swift in Sources */,
				66BB6A5629871112007B6249 /* IFonts.swift in Sources */,
				666282CB2999471E008DA1B2 /* ImageSaver.swift in Sources */,
				6670568A298829C6005B753A /* ImagePicker.swift in Sources */,
				660FFE21298AEFE200D72AAE /* Saved.swift in Sources */,
				66ECF65D2990538800005C1A /* downloadView.swift in Sources */,
				66BB6A0129870DBA007B6249 /* ContentView.swift in Sources */,
				666282CD299983DF008DA1B2 /* TabBar.swift in Sources */,
				660FFE122988F65500D72AAE /* MenuView.swift in Sources */,
				66BB6A5B29874BEF007B6249 /* HomeView.swift in Sources */,
				660FFE1D298AA07800D72AAE /* Photos.swift in Sources */,
				66BB6A5429871084007B6249 /* LoginView.swift in Sources */,
				66BB69FF29870DBA007B6249 /* MangaTranslatorApp.swift in Sources */,
			);
			runOnlyForDeploymentPostprocessing = 0;
		};
		66BB6A0729870DBC007B6249 /* Sources */ = {
			isa = PBXSourcesBuildPhase;
			buildActionMask = 2147483647;
			files = (
			);
			runOnlyForDeploymentPostprocessing = 0;
		};
		66BB6A1129870DBC007B6249 /* Sources */ = {
			isa = PBXSourcesBuildPhase;
			buildActionMask = 2147483647;
			files = (
			);
			runOnlyForDeploymentPostprocessing = 0;
		};
/* End PBXSourcesBuildPhase section */

/* Begin PBXTargetDependency section */
		66BB6A0D29870DBC007B6249 /* PBXTargetDependency */ = {
			isa = PBXTargetDependency;
			target = 66BB69FA29870DBA007B6249 /* MangaTranslator */;
			targetProxy = 66BB6A0C29870DBC007B6249 /* PBXContainerItemProxy */;
		};
		66BB6A1729870DBC007B6249 /* PBXTargetDependency */ = {
			isa = PBXTargetDependency;
			target = 66BB69FA29870DBA007B6249 /* MangaTranslator */;
			targetProxy = 66BB6A1629870DBC007B6249 /* PBXContainerItemProxy */;
		};
/* End PBXTargetDependency section */

/* Begin XCBuildConfiguration section */
		66BB6A1D29870DBC007B6249 /* Debug */ = {
			isa = XCBuildConfiguration;
			buildSettings = {
				ALWAYS_SEARCH_USER_PATHS = NO;
				CLANG_ANALYZER_NONNULL = YES;
				CLANG_ANALYZER_NUMBER_OBJECT_CONVERSION = YES_AGGRESSIVE;
				CLANG_CXX_LANGUAGE_STANDARD = "gnu++20";
				CLANG_ENABLE_MODULES = YES;
				CLANG_ENABLE_OBJC_ARC = YES;
				CLANG_ENABLE_OBJC_WEAK = YES;
				CLANG_WARN_BLOCK_CAPTURE_AUTORELEASING = YES;
				CLANG_WARN_BOOL_CONVERSION = YES;
				CLANG_WARN_COMMA = YES;
				CLANG_WARN_CONSTANT_CONVERSION = YES;
				CLANG_WARN_DEPRECATED_OBJC_IMPLEMENTATIONS = YES;
				CLANG_WARN_DIRECT_OBJC_ISA_USAGE = YES_ERROR;
				CLANG_WARN_DOCUMENTATION_COMMENTS = YES;
				CLANG_WARN_EMPTY_BODY = YES;
				CLANG_WARN_ENUM_CONVERSION = YES;
				CLANG_WARN_INFINITE_RECURSION = YES;
				CLANG_WARN_INT_CONVERSION = YES;
				CLANG_WARN_NON_LITERAL_NULL_CONVERSION = YES;
				CLANG_WARN_OBJC_IMPLICIT_RETAIN_SELF = YES;
				CLANG_WARN_OBJC_LITERAL_CONVERSION = YES;
				CLANG_WARN_OBJC_ROOT_CLASS = YES_ERROR;
				CLANG_WARN_QUOTED_INCLUDE_IN_FRAMEWORK_HEADER = YES;
				CLANG_WARN_RANGE_LOOP_ANALYSIS = YES;
				CLANG_WARN_STRICT_PROTOTYPES = YES;
				CLANG_WARN_SUSPICIOUS_MOVE = YES;
				CLANG_WARN_UNGUARDED_AVAILABILITY = YES_AGGRESSIVE;
				CLANG_WARN_UNREACHABLE_CODE = YES;
				CLANG_WARN__DUPLICATE_METHOD_MATCH = YES;
				COPY_PHASE_STRIP = NO;
				DEBUG_INFORMATION_FORMAT = dwarf;
				ENABLE_STRICT_OBJC_MSGSEND = YES;
				ENABLE_TESTABILITY = YES;
				GCC_C_LANGUAGE_STANDARD = gnu11;
				GCC_DYNAMIC_NO_PIC = NO;
				GCC_NO_COMMON_BLOCKS = YES;
				GCC_OPTIMIZATION_LEVEL = 0;
				GCC_PREPROCESSOR_DEFINITIONS = (
					"DEBUG=1",
					"$(inherited)",
				);
				GCC_WARN_64_TO_32_BIT_CONVERSION = YES;
				GCC_WARN_ABOUT_RETURN_TYPE = YES_ERROR;
				GCC_WARN_UNDECLARED_SELECTOR = YES;
				GCC_WARN_UNINITIALIZED_AUTOS = YES_AGGRESSIVE;
				GCC_WARN_UNUSED_FUNCTION = YES;
				GCC_WARN_UNUSED_VARIABLE = YES;
				IPHONEOS_DEPLOYMENT_TARGET = 16.2;
				MTL_ENABLE_DEBUG_INFO = INCLUDE_SOURCE;
				MTL_FAST_MATH = YES;
				ONLY_ACTIVE_ARCH = YES;
				SDKROOT = iphoneos;
				SWIFT_ACTIVE_COMPILATION_CONDITIONS = DEBUG;
				SWIFT_OPTIMIZATION_LEVEL = "-Onone";
			};
			name = Debug;
		};
		66BB6A1E29870DBC007B6249 /* Release */ = {
			isa = XCBuildConfiguration;
			buildSettings = {
				ALWAYS_SEARCH_USER_PATHS = NO;
				CLANG_ANALYZER_NONNULL = YES;
				CLANG_ANALYZER_NUMBER_OBJECT_CONVERSION = YES_AGGRESSIVE;
				CLANG_CXX_LANGUAGE_STANDARD = "gnu++20";
				CLANG_ENABLE_MODULES = YES;
				CLANG_ENABLE_OBJC_ARC = YES;
				CLANG_ENABLE_OBJC_WEAK = YES;
				CLANG_WARN_BLOCK_CAPTURE_AUTORELEASING = YES;
				CLANG_WARN_BOOL_CONVERSION = YES;
				CLANG_WARN_COMMA = YES;
				CLANG_WARN_CONSTANT_CONVERSION = YES;
				CLANG_WARN_DEPRECATED_OBJC_IMPLEMENTATIONS = YES;
				CLANG_WARN_DIRECT_OBJC_ISA_USAGE = YES_ERROR;
				CLANG_WARN_DOCUMENTATION_COMMENTS = YES;
				CLANG_WARN_EMPTY_BODY = YES;
				CLANG_WARN_ENUM_CONVERSION = YES;
				CLANG_WARN_INFINITE_RECURSION = YES;
				CLANG_WARN_INT_CONVERSION = YES;
				CLANG_WARN_NON_LITERAL_NULL_CONVERSION = YES;
				CLANG_WARN_OBJC_IMPLICIT_RETAIN_SELF = YES;
				CLANG_WARN_OBJC_LITERAL_CONVERSION = YES;
				CLANG_WARN_OBJC_ROOT_CLASS = YES_ERROR;
				CLANG_WARN_QUOTED_INCLUDE_IN_FRAMEWORK_HEADER = YES;
				CLANG_WARN_RANGE_LOOP_ANALYSIS = YES;
				CLANG_WARN_STRICT_PROTOTYPES = YES;
				CLANG_WARN_SUSPICIOUS_MOVE = YES;
				CLANG_WARN_UNGUARDED_AVAILABILITY = YES_AGGRESSIVE;
				CLANG_WARN_UNREACHABLE_CODE = YES;
				CLANG_WARN__DUPLICATE_METHOD_MATCH = YES;
				COPY_PHASE_STRIP = NO;
				DEBUG_INFORMATION_FORMAT = "dwarf-with-dsym";
				ENABLE_NS_ASSERTIONS = NO;
				ENABLE_STRICT_OBJC_MSGSEND = YES;
				GCC_C_LANGUAGE_STANDARD = gnu11;
				GCC_NO_COMMON_BLOCKS = YES;
				GCC_WARN_64_TO_32_BIT_CONVERSION = YES;
				GCC_WARN_ABOUT_RETURN_TYPE = YES_ERROR;
				GCC_WARN_UNDECLARED_SELECTOR = YES;
				GCC_WARN_UNINITIALIZED_AUTOS = YES_AGGRESSIVE;
				GCC_WARN_UNUSED_FUNCTION = YES;
				GCC_WARN_UNUSED_VARIABLE = YES;
				IPHONEOS_DEPLOYMENT_TARGET = 16.2;
				MTL_ENABLE_DEBUG_INFO = NO;
				MTL_FAST_MATH = YES;
				SDKROOT = iphoneos;
				SWIFT_COMPILATION_MODE = wholemodule;
				SWIFT_OPTIMIZATION_LEVEL = "-O";
				VALIDATE_PRODUCT = YES;
			};
			name = Release;
		};
		66BB6A2029870DBC007B6249 /* Debug */ = {
			isa = XCBuildConfiguration;
			buildSettings = {
				ASSETCATALOG_COMPILER_APPICON_NAME = AppIcon;
				ASSETCATALOG_COMPILER_GLOBAL_ACCENT_COLOR_NAME = AccentColor;
				CODE_SIGN_STYLE = Automatic;
				CURRENT_PROJECT_VERSION = 1;
				DEVELOPMENT_ASSET_PATHS = "\"MangaTranslator/Preview Content\"";
				ENABLE_PREVIEWS = YES;
				GENERATE_INFOPLIST_FILE = YES;
				INFOPLIST_FILE = MangaTranslator/Info.plist;
				INFOPLIST_KEY_NSPhotoLibraryAddUsageDescription = "Save image to user photo library?";
				INFOPLIST_KEY_UIApplicationSceneManifest_Generation = YES;
				INFOPLIST_KEY_UIApplicationSupportsIndirectInputEvents = YES;
				INFOPLIST_KEY_UILaunchScreen_Generation = YES;
				INFOPLIST_KEY_UISupportedInterfaceOrientations_iPad = "UIInterfaceOrientationPortrait UIInterfaceOrientationPortraitUpsideDown UIInterfaceOrientationLandscapeLeft UIInterfaceOrientationLandscapeRight";
				INFOPLIST_KEY_UISupportedInterfaceOrientations_iPhone = "UIInterfaceOrientationPortrait UIInterfaceOrientationLandscapeLeft UIInterfaceOrientationLandscapeRight";
				LD_RUNPATH_SEARCH_PATHS = (
					"$(inherited)",
					"@executable_path/Frameworks",
				);
				MARKETING_VERSION = 1.0;
				PRODUCT_BUNDLE_IDENTIFIER = Alaere.MangaTranslator;
				PRODUCT_NAME = "$(TARGET_NAME)";
				SWIFT_EMIT_LOC_STRINGS = YES;
				SWIFT_VERSION = 5.0;
				TARGETED_DEVICE_FAMILY = "1,2";
			};
			name = Debug;
		};
		66BB6A2129870DBC007B6249 /* Release */ = {
			isa = XCBuildConfiguration;
			buildSettings = {
				ASSETCATALOG_COMPILER_APPICON_NAME = AppIcon;
				ASSETCATALOG_COMPILER_GLOBAL_ACCENT_COLOR_NAME = AccentColor;
				CODE_SIGN_STYLE = Automatic;
				CURRENT_PROJECT_VERSION = 1;
				DEVELOPMENT_ASSET_PATHS = "\"MangaTranslator/Preview Content\"";
				ENABLE_PREVIEWS = YES;
				GENERATE_INFOPLIST_FILE = YES;
				INFOPLIST_FILE = MangaTranslator/Info.plist;
				INFOPLIST_KEY_NSPhotoLibraryAddUsageDescription = "Save image to user photo library?";
				INFOPLIST_KEY_UIApplicationSceneManifest_Generation = YES;
				INFOPLIST_KEY_UIApplicationSupportsIndirectInputEvents = YES;
				INFOPLIST_KEY_UILaunchScreen_Generation = YES;
				INFOPLIST_KEY_UISupportedInterfaceOrientations_iPad = "UIInterfaceOrientationPortrait UIInterfaceOrientationPortraitUpsideDown UIInterfaceOrientationLandscapeLeft UIInterfaceOrientationLandscapeRight";
				INFOPLIST_KEY_UISupportedInterfaceOrientations_iPhone = "UIInterfaceOrientationPortrait UIInterfaceOrientationLandscapeLeft UIInterfaceOrientationLandscapeRight";
				LD_RUNPATH_SEARCH_PATHS = (
					"$(inherited)",
					"@executable_path/Frameworks",
				);
				MARKETING_VERSION = 1.0;
				PRODUCT_BUNDLE_IDENTIFIER = Alaere.MangaTranslator;
				PRODUCT_NAME = "$(TARGET_NAME)";
				SWIFT_EMIT_LOC_STRINGS = YES;
				SWIFT_VERSION = 5.0;
				TARGETED_DEVICE_FAMILY = "1,2";
			};
			name = Release;
		};
		66BB6A2329870DBC007B6249 /* Debug */ = {
			isa = XCBuildConfiguration;
			buildSettings = {
				ALWAYS_EMBED_SWIFT_STANDARD_LIBRARIES = YES;
				BUNDLE_LOADER = "$(TEST_HOST)";
				CODE_SIGN_STYLE = Automatic;
				CURRENT_PROJECT_VERSION = 1;
				GENERATE_INFOPLIST_FILE = YES;
				IPHONEOS_DEPLOYMENT_TARGET = 16.2;
				MARKETING_VERSION = 1.0;
				PRODUCT_BUNDLE_IDENTIFIER = Alaere.MangaTranslatorTests;
				PRODUCT_NAME = "$(TARGET_NAME)";
				SWIFT_EMIT_LOC_STRINGS = NO;
				SWIFT_VERSION = 5.0;
				TARGETED_DEVICE_FAMILY = "1,2";
				TEST_HOST = "$(BUILT_PRODUCTS_DIR)/MangaTranslator.app/$(BUNDLE_EXECUTABLE_FOLDER_PATH)/MangaTranslator";
			};
			name = Debug;
		};
		66BB6A2429870DBC007B6249 /* Release */ = {
			isa = XCBuildConfiguration;
			buildSettings = {
				ALWAYS_EMBED_SWIFT_STANDARD_LIBRARIES = YES;
				BUNDLE_LOADER = "$(TEST_HOST)";
				CODE_SIGN_STYLE = Automatic;
				CURRENT_PROJECT_VERSION = 1;
				GENERATE_INFOPLIST_FILE = YES;
				IPHONEOS_DEPLOYMENT_TARGET = 16.2;
				MARKETING_VERSION = 1.0;
				PRODUCT_BUNDLE_IDENTIFIER = Alaere.MangaTranslatorTests;
				PRODUCT_NAME = "$(TARGET_NAME)";
				SWIFT_EMIT_LOC_STRINGS = NO;
				SWIFT_VERSION = 5.0;
				TARGETED_DEVICE_FAMILY = "1,2";
				TEST_HOST = "$(BUILT_PRODUCTS_DIR)/MangaTranslator.app/$(BUNDLE_EXECUTABLE_FOLDER_PATH)/MangaTranslator";
			};
			name = Release;
		};
		66BB6A2629870DBC007B6249 /* Debug */ = {
			isa = XCBuildConfiguration;
			buildSettings = {
				ALWAYS_EMBED_SWIFT_STANDARD_LIBRARIES = YES;
				CODE_SIGN_STYLE = Automatic;
				CURRENT_PROJECT_VERSION = 1;
				GENERATE_INFOPLIST_FILE = YES;
				MARKETING_VERSION = 1.0;
				PRODUCT_BUNDLE_IDENTIFIER = Alaere.MangaTranslatorUITests;
				PRODUCT_NAME = "$(TARGET_NAME)";
				SWIFT_EMIT_LOC_STRINGS = NO;
				SWIFT_VERSION = 5.0;
				TARGETED_DEVICE_FAMILY = "1,2";
				TEST_TARGET_NAME = MangaTranslator;
			};
			name = Debug;
		};
		66BB6A2729870DBC007B6249 /* Release */ = {
			isa = XCBuildConfiguration;
			buildSettings = {
				ALWAYS_EMBED_SWIFT_STANDARD_LIBRARIES = YES;
				CODE_SIGN_STYLE = Automatic;
				CURRENT_PROJECT_VERSION = 1;
				GENERATE_INFOPLIST_FILE = YES;
				MARKETING_VERSION = 1.0;
				PRODUCT_BUNDLE_IDENTIFIER = Alaere.MangaTranslatorUITests;
				PRODUCT_NAME = "$(TARGET_NAME)";
				SWIFT_EMIT_LOC_STRINGS = NO;
				SWIFT_VERSION = 5.0;
				TARGETED_DEVICE_FAMILY = "1,2";
				TEST_TARGET_NAME = MangaTranslator;
			};
			name = Release;
		};
/* End XCBuildConfiguration section */

/* Begin XCConfigurationList section */
		66BB69F629870DBA007B6249 /* Build configuration list for PBXProject "MangaTranslator" */ = {
			isa = XCConfigurationList;
			buildConfigurations = (
				66BB6A1D29870DBC007B6249 /* Debug */,
				66BB6A1E29870DBC007B6249 /* Release */,
			);
			defaultConfigurationIsVisible = 0;
			defaultConfigurationName = Release;
		};
		66BB6A1F29870DBC007B6249 /* Build configuration list for PBXNativeTarget "MangaTranslator" */ = {
			isa = XCConfigurationList;
			buildConfigurations = (
				66BB6A2029870DBC007B6249 /* Debug */,
				66BB6A2129870DBC007B6249 /* Release */,
			);
			defaultConfigurationIsVisible = 0;
			defaultConfigurationName = Release;
		};
		66BB6A2229870DBC007B6249 /* Build configuration list for PBXNativeTarget "MangaTranslatorTests" */ = {
			isa = XCConfigurationList;
			buildConfigurations = (
				66BB6A2329870DBC007B6249 /* Debug */,
				66BB6A2429870DBC007B6249 /* Release */,
			);
			defaultConfigurationIsVisible = 0;
			defaultConfigurationName = Release;
		};
		66BB6A2529870DBC007B6249 /* Build configuration list for PBXNativeTarget "MangaTranslatorUITests" */ = {
			isa = XCConfigurationList;
			buildConfigurations = (
				66BB6A2629870DBC007B6249 /* Debug */,
				66BB6A2729870DBC007B6249 /* Release */,
			);
			defaultConfigurationIsVisible = 0;
			defaultConfigurationName = Release;
		};
/* End XCConfigurationList section */

/* Begin XCRemoteSwiftPackageReference section */
		66BB6A2A29870F81007B6249 /* XCRemoteSwiftPackageReference "firebase-ios-sdk" */ = {
			isa = XCRemoteSwiftPackageReference;
			repositoryURL = "https://github.com/firebase/firebase-ios-sdk";
			requirement = {
				branch = master;
				kind = branch;
			};
		};
/* End XCRemoteSwiftPackageReference section */

/* Begin XCSwiftPackageProductDependency section */
		66BB6A2B29870F81007B6249 /* FirebaseAnalytics */ = {
			isa = XCSwiftPackageProductDependency;
			package = 66BB6A2A29870F81007B6249 /* XCRemoteSwiftPackageReference "firebase-ios-sdk" */;
			productName = FirebaseAnalytics;
		};
		66BB6A2D29870F81007B6249 /* FirebaseAnalyticsOnDeviceConversion */ = {
			isa = XCSwiftPackageProductDependency;
			package = 66BB6A2A29870F81007B6249 /* XCRemoteSwiftPackageReference "firebase-ios-sdk" */;
			productName = FirebaseAnalyticsOnDeviceConversion;
		};
		66BB6A2F29870F81007B6249 /* FirebaseAnalyticsSwift */ = {
			isa = XCSwiftPackageProductDependency;
			package = 66BB6A2A29870F81007B6249 /* XCRemoteSwiftPackageReference "firebase-ios-sdk" */;
			productName = FirebaseAnalyticsSwift;
		};
		66BB6A3129870F81007B6249 /* FirebaseAnalyticsWithoutAdIdSupport */ = {
			isa = XCSwiftPackageProductDependency;
			package = 66BB6A2A29870F81007B6249 /* XCRemoteSwiftPackageReference "firebase-ios-sdk" */;
			productName = FirebaseAnalyticsWithoutAdIdSupport;
		};
		66BB6A3329870F81007B6249 /* FirebaseAppCheck */ = {
			isa = XCSwiftPackageProductDependency;
			package = 66BB6A2A29870F81007B6249 /* XCRemoteSwiftPackageReference "firebase-ios-sdk" */;
			productName = FirebaseAppCheck;
		};
		66BB6A3529870F81007B6249 /* FirebaseAppDistribution-Beta */ = {
			isa = XCSwiftPackageProductDependency;
			package = 66BB6A2A29870F81007B6249 /* XCRemoteSwiftPackageReference "firebase-ios-sdk" */;
			productName = "FirebaseAppDistribution-Beta";
		};
		66BB6A3729870F81007B6249 /* FirebaseAuth */ = {
			isa = XCSwiftPackageProductDependency;
			package = 66BB6A2A29870F81007B6249 /* XCRemoteSwiftPackageReference "firebase-ios-sdk" */;
			productName = FirebaseAuth;
		};
		66BB6A3929870F81007B6249 /* FirebaseAuthCombine-Community */ = {
			isa = XCSwiftPackageProductDependency;
			package = 66BB6A2A29870F81007B6249 /* XCRemoteSwiftPackageReference "firebase-ios-sdk" */;
			productName = "FirebaseAuthCombine-Community";
		};
		66BB6A3B29870F81007B6249 /* FirebaseCrashlytics */ = {
			isa = XCSwiftPackageProductDependency;
			package = 66BB6A2A29870F81007B6249 /* XCRemoteSwiftPackageReference "firebase-ios-sdk" */;
			productName = FirebaseCrashlytics;
		};
		66BB6A3D29870F81007B6249 /* FirebaseDatabase */ = {
			isa = XCSwiftPackageProductDependency;
			package = 66BB6A2A29870F81007B6249 /* XCRemoteSwiftPackageReference "firebase-ios-sdk" */;
			productName = FirebaseDatabase;
		};
		66BB6A3F29870F81007B6249 /* FirebaseFirestore */ = {
			isa = XCSwiftPackageProductDependency;
			package = 66BB6A2A29870F81007B6249 /* XCRemoteSwiftPackageReference "firebase-ios-sdk" */;
			productName = FirebaseFirestore;
		};
		66BB6A4129870F81007B6249 /* FirebaseFirestoreCombine-Community */ = {
			isa = XCSwiftPackageProductDependency;
			package = 66BB6A2A29870F81007B6249 /* XCRemoteSwiftPackageReference "firebase-ios-sdk" */;
			productName = "FirebaseFirestoreCombine-Community";
		};
		66BB6A4329870F81007B6249 /* FirebaseFirestoreSwift */ = {
			isa = XCSwiftPackageProductDependency;
			package = 66BB6A2A29870F81007B6249 /* XCRemoteSwiftPackageReference "firebase-ios-sdk" */;
			productName = FirebaseFirestoreSwift;
		};
		66BB6A4529870F81007B6249 /* FirebaseFunctions */ = {
			isa = XCSwiftPackageProductDependency;
			package = 66BB6A2A29870F81007B6249 /* XCRemoteSwiftPackageReference "firebase-ios-sdk" */;
			productName = FirebaseFunctions;
		};
		66BB6A4729870F81007B6249 /* FirebaseFunctionsCombine-Community */ = {
			isa = XCSwiftPackageProductDependency;
			package = 66BB6A2A29870F81007B6249 /* XCRemoteSwiftPackageReference "firebase-ios-sdk" */;
			productName = "FirebaseFunctionsCombine-Community";
		};
		66BB6A4929870F81007B6249 /* FirebaseRemoteConfig */ = {
			isa = XCSwiftPackageProductDependency;
			package = 66BB6A2A29870F81007B6249 /* XCRemoteSwiftPackageReference "firebase-ios-sdk" */;
			productName = FirebaseRemoteConfig;
		};
		66BB6A4B29870F81007B6249 /* FirebaseRemoteConfigSwift */ = {
			isa = XCSwiftPackageProductDependency;
			package = 66BB6A2A29870F81007B6249 /* XCRemoteSwiftPackageReference "firebase-ios-sdk" */;
			productName = FirebaseRemoteConfigSwift;
		};
		66BB6A4D29870F81007B6249 /* FirebaseStorage */ = {
			isa = XCSwiftPackageProductDependency;
			package = 66BB6A2A29870F81007B6249 /* XCRemoteSwiftPackageReference "firebase-ios-sdk" */;
			productName = FirebaseStorage;
		};
		66BB6A4F29870F81007B6249 /* FirebaseStorageCombine-Community */ = {
			isa = XCSwiftPackageProductDependency;
			package = 66BB6A2A29870F81007B6249 /* XCRemoteSwiftPackageReference "firebase-ios-sdk" */;
			productName = "FirebaseStorageCombine-Community";
		};
/* End XCSwiftPackageProductDependency section */
	};
	rootObject = 66BB69F329870DBA007B6249 /* Project object */;
}
